{
  "name": "app",
  "lockfileVersion": 3,
  "requires": true,
  "packages": {
    "": {
      "dependencies": {
        "synthline": "^1.0.0"
      }
    },
    "node_modules/synthline": {
      "version": "1.0.0",
      "resolved": "https://registry.npmjs.org/synthline/-/synthline-1.0.0.tgz",
      "integrity": "sha512-6T7kft+Dbu4ar7911DCsk5zEgIwjXVIgfAonsb9WmPm3V1sm5s1Gh/lfVfW8IwZbUGVaB83j5CEZod6tDyOTSA==",
      "license": "MIT",
      "peerDependencies": {
        "react": ">=17.0.0",
        "vue": ">=3.0.0"
      },
      "peerDependenciesMeta": {
        "react": {
          "optional": true
        },
        "vue": {
          "optional": true
        }
      }
    }
  }
}
